Microsoft Visual Studio Solution File, Format Version 12.00
# Visual Studio Version 17
VisualStudioVersion = 17.5.2.0
MinimumVisualStudioVersion = 10.0.40219.1
Project("{FAE04EC0-301F-11D3-BF4B-00C04F79EFBC}") = "CODE", "CODE.csproj", "{31B6545D-74BF-F8D8-B662-C677465E6CEC}"
EndProject
Project("{FAE04EC0-301F-11D3-BF4B-00C04F79EFBC}") = "CustomerComm.Tests", "PlayerManager.Tests\CustomerComm.Tests.csproj", "{B9F1743E-838F-5D58-4256-4D202F1F9776}"
EndProject
Global
	GlobalSection(SolutionConfigurationPlatforms) = preSolution
		Debug|Any CPU = Debug|Any CPU
		Release|Any CPU = Release|Any CPU
	EndGlobalSection
	GlobalSection(ProjectConfigurationPlatforms) = postSolution
		{31B6545D-74BF-F8D8-B662-C677465E6CEC}.Debug|Any CPU.ActiveCfg = Debug|Any CPU
		{31B6545D-74BF-F8D8-B662-C677465E6CEC}.Debug|Any CPU.Build.0 = Debug|Any CPU
		{31B6545D-74BF-F8D8-B662-C677465E6CEC}.Release|Any CPU.ActiveCfg = Release|Any CPU
		{31B6545D-74BF-F8D8-B662-C677465E6CEC}.Release|Any CPU.Build.0 = Release|Any CPU
		{B9F1743E-838F-5D58-4256-4D202F1F9776}.Debug|Any CPU.ActiveCfg = Debug|Any CPU
		{B9F1743E-838F-5D58-4256-4D202F1F9776}.Debug|Any CPU.Build.0 = Debug|Any CPU
		{B9F1743E-838F-5D58-4256-4D202F1F9776}.Release|Any CPU.ActiveCfg = Release|Any CPU
		{B9F1743E-838F-5D58-4256-4D202F1F9776}.Release|Any CPU.Build.0 = Release|Any CPU
	EndGlobalSection
	GlobalSection(SolutionProperties) = preSolution
		HideSolutionNode = FALSE
	EndGlobalSection
	GlobalSection(ExtensibilityGlobals) = postSolution
		SolutionGuid = {146007AF-6284-4708-B5BE-6DBEDADD2B76}
	EndGlobalSection
EndGlobal
